github.com/akupila/recorder v0.2.1-0.20210615072234-a0ec6d17ab4a h1:ALCqQAuneDKhUTzY0t4oyvVamgiTw2V5DrgScquPbO4=
github.com/akupila/recorder v0.2.1-0.20210615072234-a0ec6d17ab4a/go.mod h1:7x2L0tJQxc9NNDGZkCAemF59l46G3iRUOpTio28IQ88=
github.com/dominikbraun/graph v0.23.0 h1:TdZB4pPqCLFxYhdyMFb1TBdFxp8XLcJfTTBQucVPgCo=
github.com/dominikbraun/graph v0.23.0/go.mod h1:yOjYyogZLY1LSG9E33JWZJiq5k83Qy2C6POAuiViluc=
github.com/google/go-cmp v0.3.0/go.mod h1:8QqcDgzrUqlUb/G2PQTWiueGozuR1884gddMywk6iLU=
github.com/google/go-cmp v0.6.0 h1:ofyhxvXcZhMsU5ulbFiLKl/XBFqE1GSq7atu8tAmTRI=
github.com/google/go-cmp v0.6.0/go.mod h1:17dUlkBOakJ0+DkrSSNjCkIjxS6bF9zb3elmeNGIjoY=
github.com/marco-m/clim v0.0.8 h1:5XEOMCVSZcBKi1zmjyRb2cq0vcRwZFYLlMGlRsStWDM=
github.com/marco-m/clim v0.0.8/go.mod h1:Q7h+6IvcWkAQf39U+kw2dh9is19PYNCdeIZMzqReMJo=
github.com/marco-m/rosina v0.0.0-20240909094911-3589601e6a49 h1:otzaqp+fKwKhIYFzvlTnt87cdZOjAWq3kZ7X1LWw91g=
github.com/marco-m/rosina v0.0.0-20240909094911-3589601e6a49/go.mod h1:XnMWRFIR8GztNE0mRL7b3B+E6r7cL5bpq48TRmtDmjw=
github.com/mitchellh/mapstructure v1.5.0 h1:jeMsZIYE/09sWLaz43PL7Gy6RuMjD2eJVyuac5Z2hdY=
github.com/mitchellh/mapstructure v1.5.0/go.mod h1:bFUtVrKA4DC2yAKiSyO/QUcy7e+RRV2QTWOzhPopBRo=
golang.org/x/exp v0.0.0-20240823005443-9b4947da3948 h1:kx6Ds3MlpiUHKj7syVnbp57++8WpuKPcR5yjLBjvLEA=
golang.org/x/exp v0.0.0-20240823005443-9b4947da3948/go.mod h1:akd2r19cwCdwSwWeIdzYQGa/EZZyqcOdwWiwj5L5eKQ=
gopkg.in/check.v1 v0.0.0-20161208181325-20d25e280405 h1:yhCVgyC4o1eVCa2tZl7eS0r+SDo693bJlVdllGtEeKM=
gopkg.in/check.v1 v0.0.0-20161208181325-20d25e280405/go.mod h1:Co6ibVJAznAaIkqp8huTwlJQCZ016jof/cbN4VW5Yz0=
gopkg.in/yaml.v2 v2.2.2 h1:ZCJp+EgiOT7lHqUV2J862kp8Qj64Jo6az82+3Td9dZw=
gopkg.in/yaml.v2 v2.2.2/go.mod h1:hI93XBmqTisBFMUTm0b8Fm+jr3Dg1NNxqwp+5A1VGuI=
