github.com/google/go-cmp v0.6.0 h1:ofyhxvXcZhMsU5ulbFiLKl/XBFqE1GSq7atu8tAmTRI=
github.com/google/go-cmp v0.6.0/go.mod h1:17dUlkBOakJ0+DkrSSNjCkIjxS6bF9zb3elmeNGIjoY=
github.com/marco-m/clim v0.0.8 h1:5XEOMCVSZcBKi1zmjyRb2cq0vcRwZFYLlMGlRsStWDM=
github.com/marco-m/clim v0.0.8/go.mod h1:Q7h+6IvcWkAQf39U+kw2dh9is19PYNCdeIZMzqReMJo=
github.com/marco-m/rosina v0.0.0-20240902194716-ffe6a3a84acc h1:DdDjVcFYWM4mZGlfzgC2LA4JYBuV/zRBWT+aN11MThg=
github.com/marco-m/rosina v0.0.0-20240902194716-ffe6a3a84acc/go.mod h1:XnMWRFIR8GztNE0mRL7b3B+E6r7cL5bpq48TRmtDmjw=
golang.org/x/exp v0.0.0-20240823005443-9b4947da3948 h1:kx6Ds3MlpiUHKj7syVnbp57++8WpuKPcR5yjLBjvLEA=
golang.org/x/exp v0.0.0-20240823005443-9b4947da3948/go.mod h1:akd2r19cwCdwSwWeIdzYQGa/EZZyqcOdwWiwj5L5eKQ=
